// !$*UTF8*$!
{
	archiveVersion = 1;
	classes = {
	};
	objectVersion = 46;
	objects = {

/* Begin PBXBuildFile section */
		297ACDCE1B5CDCDB00D13EB7 /* main.m in Sources */ = {isa = PBXBuildFile; fileRef = 297ACDCD1B5CDCDB00D13EB7 /* main.m */; };
		297ACDD11B5CDCDB00D13EB7 /* AppDelegate.m in Sources */ = {isa = PBXBuildFile; fileRef = 297ACDD01B5CDCDB00D13EB7 /* AppDelegate.m */; };
		297ACDD41B5CDCDB00D13EB7 /* ViewController.m in Sources */ = {isa = PBXBuildFile; fileRef = 297ACDD31B5CDCDB00D13EB7 /* ViewController.m */; };
		297ACDD71B5CDCDB00D13EB7 /* Main.storyboard in Resources */ = {isa = PBXBuildFile; fileRef = 297ACDD51B5CDCDB00D13EB7 /* Main.storyboard */; };
		297ACDD91B5CDCDB00D13EB7 /* Images.xcassets in Resources */ = {isa = PBXBuildFile; fileRef = 297ACDD81B5CDCDB00D13EB7 /* Images.xcassets */; };
		297ACDDC1B5CDCDB00D13EB7 /* LaunchScreen.xib in Resources */ = {isa = PBXBuildFile; fileRef = 297ACDDA1B5CDCDB00D13EB7 /* LaunchScreen.xib */; };
		297ACDE81B5CDCDB00D13EB7 /* TestCoreDataTests.m in Sources */ = {isa = PBXBuildFile; fileRef = 297ACDE71B5CDCDB00D13EB7 /* TestCoreDataTests.m */; };
		297ACDF31B5CDCFB00D13EB7 /* TestCore.xcdatamodeld in Sources */ = {isa = PBXBuildFile; fileRef = 297ACDF11B5CDCFB00D13EB7 /* TestCore.xcdatamodeld */; };
		297ACDF61B5CDD9C00D13EB7 /* TestEmployee.m in Sources */ = {isa = PBXBuildFile; fileRef = 297ACDF51B5CDD9C00D13EB7 /* TestEmployee.m */; };
/* End PBXBuildFile section */

/* Begin PBXContainerItemProxy section */
		297ACDE21B5CDCDB00D13EB7 /* PBXContainerItemProxy */ = {
			isa = PBXContainerItemProxy;
			containerPortal = 297ACDC01B5CDCDA00D13EB7 /* Project object */;
			proxyType = 1;
			remoteGlobalIDString = 297ACDC71B5CDCDB00D13EB7;
			remoteInfo = TestCoreData;
		};
/* End PBXContainerItemProxy section */

/* Begin PBXFileReference section */
		297ACDC81B5CDCDB00D13EB7 /* TestCoreData.app */ = {isa = PBXFileReference; explicitFileType = wrapper.application; includeInIndex = 0; path = TestCoreData.app; sourceTree = BUILT_PRODUCTS_DIR; };
		297ACDCC1B5CDCDB00D13EB7 /* Info.plist */ = {isa = PBXFileReference; lastKnownFileType = text.plist.xml; path = Info.plist; sourceTree = "<group>"; };
		297ACDCD1B5CDCDB00D13EB7 /* main.m */ = {isa = PBXFileReference; lastKnownFileType = sourcecode.c.objc; path = main.m; sourceTree = "<group>"; };
		297ACDCF1B5CDCDB00D13EB7 /* AppDelegate.h */ = {isa = PBXFileReference; lastKnownFileType = sourcecode.c.h; path = AppDelegate.h; sourceTree = "<group>"; };
		297ACDD01B5CDCDB00D13EB7 /* AppDelegate.m */ = {isa = PBXFileReference; lastKnownFileType = sourcecode.c.objc; path = AppDelegate.m; sourceTree = "<group>"; };
		297ACDD21B5CDCDB00D13EB7 /* ViewController.h */ = {isa = PBXFileReference; lastKnownFileType = sourcecode.c.h; path = ViewController.h; sourceTree = "<group>"; };
		297ACDD31B5CDCDB00D13EB7 /* ViewController.m */ = {isa = PBXFileReference; lastKnownFileType = sourcecode.c.objc; path = ViewController.m; sourceTree = "<group>"; };
		297ACDD61B5CDCDB00D13EB7 /* Base */ = {isa = PBXFileReference; lastKnownFileType = file.storyboard; name = Base; path = Base.lproj/Main.storyboard; sourceTree = "<group>"; };
		297ACDD81B5CDCDB00D13EB7 /* Images.xcassets */ = {isa = PBXFileReference; lastKnownFileType = folder.assetcatalog; path = Images.xcassets; sourceTree = "<group>"; };
		297ACDDB1B5CDCDB00D13EB7 /* Base */ = {isa = PBXFileReference; lastKnownFileType = file.xib; name = Base; path = Base.lproj/LaunchScreen.xib; sourceTree = "<group>"; };
		297ACDE11B5CDCDB00D13EB7 /* TestCoreDataTests.xctest */ = {isa = PBXFileReference; explicitFileType = wrapper.cfbundle; includeInIndex = 0; path = TestCoreDataTests.xctest; sourceTree = BUILT_PRODUCTS_DIR; };
		297ACDE61B5CDCDB00D13EB7 /* Info.plist */ = {isa = PBXFileReference; lastKnownFileType = text.plist.xml; path = Info.plist; sourceTree = "<group>"; };
		297ACDE71B5CDCDB00D13EB7 /* TestCoreDataTests.m */ = {isa = PBXFileReference; lastKnownFileType = sourcecode.c.objc; path = TestCoreDataTests.m; sourceTree = "<group>"; };
		297ACDF21B5CDCFB00D13EB7 /* TestCore.xcdatamodel */ = {isa = PBXFileReference; lastKnownFileType = wrapper.xcdatamodel; path = TestCore.xcdatamodel; sourceTree = "<group>"; };
		297ACDF41B5CDD9C00D13EB7 /* TestEmployee.h */ = {isa = PBXFileReference; fileEncoding = 4; lastKnownFileType = sourcecode.c.h; path = TestEmployee.h; sourceTree = "<group>"; };
		297ACDF51B5CDD9C00D13EB7 /* TestEmployee.m */ = {isa = PBXFileReference; fileEncoding = 4; lastKnownFileType = sourcecode.c.objc; path = TestEmployee.m; sourceTree = "<group>"; };
/* End PBXFileReference section */

/* Begin PBXFrameworksBuildPhase section */
		297ACDC51B5CDCDB00D13EB7 /* Frameworks */ = {
			isa = PBXFrameworksBuildPhase;
			buildActionMask = 2147483647;
			files = (
			);
			runOnlyForDeploymentPostprocessing = 0;
		};
		297ACDDE1B5CDCDB00D13EB7 /* Frameworks */ = {
			isa = PBXFrameworksBuildPhase;
			buildActionMask = 2147483647;
			files = (
			);
			runOnlyForDeploymentPostprocessing = 0;
		};
/* End PBXFrameworksBuildPhase section */

/* Begin PBXGroup section */
		297ACDBF1B5CDCDA00D13EB7 = {
			isa = PBXGroup;
			children = (
				297ACDCA1B5CDCDB00D13EB7 /* TestCoreData */,
				297ACDE41B5CDCDB00D13EB7 /* TestCoreDataTests */,
				297ACDC91B5CDCDB00D13EB7 /* Products */,
			);
			sourceTree = "<group>";
		};
		297ACDC91B5CDCDB00D13EB7 /* Products */ = {
			isa = PBXGroup;
			children = (
				297ACDC81B5CDCDB00D13EB7 /* TestCoreData.app */,
				297ACDE11B5CDCDB00D13EB7 /* TestCoreDataTests.xctest */,
			);
			name = Products;
			sourceTree = "<group>";
		};
		297ACDCA1B5CDCDB00D13EB7 /* TestCoreData */ = {
			isa = PBXGroup;
			children = (
				297ACDCF1B5CDCDB00D13EB7 /* AppDelegate.h */,
				297ACDD01B5CDCDB00D13EB7 /* AppDelegate.m */,
				297ACDD21B5CDCDB00D13EB7 /* ViewController.h */,
				297ACDD31B5CDCDB00D13EB7 /* ViewController.m */,
				297ACDD51B5CDCDB00D13EB7 /* Main.storyboard */,
				297ACDD81B5CDCDB00D13EB7 /* Images.xcassets */,
				297ACDDA1B5CDCDB00D13EB7 /* LaunchScreen.xib */,
				297ACDCB1B5CDCDB00D13EB7 /* Supporting Files */,
				297ACDF11B5CDCFB00D13EB7 /* TestCore.xcdatamodeld */,
				297ACDF41B5CDD9C00D13EB7 /* TestEmployee.h */,
				297ACDF51B5CDD9C00D13EB7 /* TestEmployee.m */,
			);
			path = TestCoreData;
			sourceTree = "<group>";
		};
		297ACDCB1B5CDCDB00D13EB7 /* Supporting Files */ = {
			isa = PBXGroup;
			children = (
				297ACDCC1B5CDCDB00D13EB7 /* Info.plist */,
				297ACDCD1B5CDCDB00D13EB7 /* main.m */,
			);
			name = "Supporting Files";
			sourceTree = "<group>";
		};
		297ACDE41B5CDCDB00D13EB7 /* TestCoreDataTests */ = {
			isa = PBXGroup;
			children = (
				297ACDE71B5CDCDB00D13EB7 /* TestCoreDataTests.m */,
				297ACDE51B5CDCDB00D13EB7 /* Supporting Files */,
			);
			path = TestCoreDataTests;
			sourceTree = "<group>";
		};
		297ACDE51B5CDCDB00D13EB7 /* Supporting Files */ = {
			isa = PBXGroup;
			children = (
				297ACDE61B5CDCDB00D13EB7 /* Info.plist */,
			);
			name = "Supporting Files";
			sourceTree = "<group>";
		};
/* End PBXGroup section */

/* Begin PBXNativeTarget section */
		297ACDC71B5CDCDB00D13EB7 /* TestCoreData */ = {
			isa = PBXNativeTarget;
			buildConfigurationList = 297ACDEB1B5CDCDB00D13EB7 /* Build configuration list for PBXNativeTarget "TestCoreData" */;
			buildPhases = (
				297ACDC41B5CDCDB00D13EB7 /* Sources */,
				297ACDC51B5CDCDB00D13EB7 /* Frameworks */,
				297ACDC61B5CDCDB00D13EB7 /* Resources */,
			);
			buildRules = (
			);
			dependencies = (
			);
			name = TestCoreData;
			productName = TestCoreData;
			productReference = 297ACDC81B5CDCDB00D13EB7 /* TestCoreData.app */;
			productType = "com.apple.product-type.application";
		};
		297ACDE01B5CDCDB00D13EB7 /* TestCoreDataTests */ = {
			isa = PBXNativeTarget;
			buildConfigurationList = 297ACDEE1B5CDCDB00D13EB7 /* Build configuration list for PBXNativeTarget "TestCoreDataTests" */;
			buildPhases = (
				297ACDDD1B5CDCDB00D13EB7 /* Sources */,
				297ACDDE1B5CDCDB00D13EB7 /* Frameworks */,
				297ACDDF1B5CDCDB00D13EB7 /* Resources */,
			);
			buildRules = (
			);
			dependencies = (
				297ACDE31B5CDCDB00D13EB7 /* PBXTargetDependency */,
			);
			name = TestCoreDataTests;
			productName = TestCoreDataTests;
			productReference = 297ACDE11B5CDCDB00D13EB7 /* TestCoreDataTests.xctest */;
			productType = "com.apple.product-type.bundle.unit-test";
		};
/* End PBXNativeTarget section */

/* Begin PBXProject section */
		297ACDC01B5CDCDA00D13EB7 /* Project object */ = {
			isa = PBXProject;
			attributes = {
				LastUpgradeCheck = 0640;
				ORGANIZATIONNAME = jiazhidan;
				TargetAttributes = {
					297ACDC71B5CDCDB00D13EB7 = {
						CreatedOnToolsVersion = 6.4;
					};
					297ACDE01B5CDCDB00D13EB7 = {
						CreatedOnToolsVersion = 6.4;
						TestTargetID = 297ACDC71B5CDCDB00D13EB7;
					};
				};
			};
			buildConfigurationList = 297ACDC31B5CDCDA00D13EB7 /* Build configuration list for PBXProject "TestCoreData" */;
			compatibilityVersion = "Xcode 3.2";
			developmentRegion = English;
			hasScannedForEncodings = 0;
			knownRegions = (
				en,
				Base,
			);
			mainGroup = 297ACDBF1B5CDCDA00D13EB7;
			productRefGroup = 297ACDC91B5CDCDB00D13EB7 /* Products */;
			projectDirPath = "";
			projectRoot = "";
			targets = (
				297ACDC71B5CDCDB00D13EB7 /* TestCoreData */,
				297ACDE01B5CDCDB00D13EB7 /* TestCoreDataTests */,
			);
		};
/* End PBXProject section */

/* Begin PBXResourcesBuildPhase section */
		297ACDC61B5CDCDB00D13EB7 /* Resources */ = {
			isa = PBXResourcesBuildPhase;
			buildActionMask = 2147483647;
			files = (
				297ACDD71B5CDCDB00D13EB7 /* Main.storyboard in Resources */,
				297ACDDC1B5CDCDB00D13EB7 /* LaunchScreen.xib in Resources */,
				297ACDD91B5CDCDB00D13EB7 /* Images.xcassets in Resources */,
			);
			runOnlyForDeploymentPostprocessing = 0;
		};
		297ACDDF1B5CDCDB00D13EB7 /* Resources */ = {
			isa = PBXResourcesBuildPhase;
			buildActionMask = 2147483647;
			files = (
			);
			runOnlyForDeploymentPostprocessing = 0;
		};
/* End PBXResourcesBuildPhase section */

/* Begin PBXSourcesBuildPhase section */
		297ACDC41B5CDCDB00D13EB7 /* Sources */ = {
			isa = PBXSourcesBuildPhase;
			buildActionMask = 2147483647;
			files = (
				297ACDF61B5CDD9C00D13EB7 /* TestEmployee.m in Sources */,
				297ACDD41B5CDCDB00D13EB7 /* ViewController.m in Sources */,
				297ACDD11B5CDCDB00D13EB7 /* AppDelegate.m in Sources */,
				297ACDF31B5CDCFB00D13EB7 /* TestCore.xcdatamodeld in Sources */,
				297ACDCE1B5CDCDB00D13EB7 /* main.m in Sources */,
			);
			runOnlyForDeploymentPostprocessing = 0;
		};
		297ACDDD1B5CDCDB00D13EB7 /* Sources */ = {
			isa = PBXSourcesBuildPhase;
			buildActionMask = 2147483647;
			files = (
				297ACDE81B5CDCDB00D13EB7 /* TestCoreDataTests.m in Sources */,
			);
			runOnlyForDeploymentPostprocessing = 0;
		};
/* End PBXSourcesBuildPhase section */

/* Begin PBXTargetDependency section */
		297ACDE31B5CDCDB00D13EB7 /* PBXTargetDependency */ = {
			isa = PBXTargetDependency;
			target = 297ACDC71B5CDCDB00D13EB7 /* TestCoreData */;
			targetProxy = 297ACDE21B5CDCDB00D13EB7 /* PBXContainerItemProxy */;
		};
/* End PBXTargetDependency section */

/* Begin PBXVariantGroup section */
		297ACDD51B5CDCDB00D13EB7 /* Main.storyboard */ = {
			isa = PBXVariantGroup;
			children = (
				297ACDD61B5CDCDB00D13EB7 /* Base */,
			);
			name = Main.storyboard;
			sourceTree = "<group>";
		};
		297ACDDA1B5CDCDB00D13EB7 /* LaunchScreen.xib */ = {
			isa = PBXVariantGroup;
			children = (
				297ACDDB1B5CDCDB00D13EB7 /* Base */,
			);
			name = LaunchScreen.xib;
			sourceTree = "<group>";
		};
/* End PBXVariantGroup section */

/* Begin XCBuildConfiguration section */
		297ACDE91B5CDCDB00D13EB7 /* Debug */ = {
			isa = XCBuildConfiguration;
			buildSettings = {
				ALWAYS_SEARCH_USER_PATHS = NO;
				CLANG_CXX_LANGUAGE_STANDARD = "gnu++0x";
				CLANG_CXX_LIBRARY = "libc++";
				CLANG_ENABLE_MODULES = YES;
				CLANG_ENABLE_OBJC_ARC = YES;
				CLANG_WARN_BOOL_CONVERSION = YES;
				CLANG_WARN_CONSTANT_CONVERSION = YES;
				CLANG_WARN_DIRECT_OBJC_ISA_USAGE = YES_ERROR;
				CLANG_WARN_EMPTY_BODY = YES;
				CLANG_WARN_ENUM_CONVERSION = YES;
				CLANG_WARN_INT_CONVERSION = YES;
				CLANG_WARN_OBJC_ROOT_CLASS = YES_ERROR;
				CLANG_WARN_UNREACHABLE_CODE = YES;
				CLANG_WARN__DUPLICATE_METHOD_MATCH = YES;
				"CODE_SIGN_IDENTITY[sdk=iphoneos*]" = "iPhone Developer";
				COPY_PHASE_STRIP = NO;
				DEBUG_INFORMATION_FORMAT = "dwarf-with-dsym";
				ENABLE_STRICT_OBJC_MSGSEND = YES;
				GCC_C_LANGUAGE_STANDARD = gnu99;
				GCC_DYNAMIC_NO_PIC = NO;
				GCC_NO_COMMON_BLOCKS = YES;
				GCC_OPTIMIZATION_LEVEL = 0;
				GCC_PREPROCESSOR_DEFINITIONS = (
					"DEBUG=1",
					"$(inherited)",
				);
				GCC_SYMBOLS_PRIVATE_EXTERN = NO;
				GCC_WARN_64_TO_32_BIT_CONVERSION = YES;
				GCC_WARN_ABOUT_RETURN_TYPE = YES_ERROR;
				GCC_WARN_UNDECLARED_SELECTOR = YES;
				GCC_WARN_UNINITIALIZED_AUTOS = YES_AGGRESSIVE;
				GCC_WARN_UNUSED_FUNCTION = YES;
				GCC_WARN_UNUSED_VARIABLE = YES;
				IPHONEOS_DEPLOYMENT_TARGET = 8.4;
				MTL_ENABLE_DEBUG_INFO = YES;
				ONLY_ACTIVE_ARCH = YES;
				SDKROOT = iphoneos;
			};
			name = Debug;
		};
		297ACDEA1B5CDCDB00D13EB7 /* Release */ = {
			isa = XCBuildConfiguration;
			buildSettings = {
				ALWAYS_SEARCH_USER_PATHS = NO;
				CLANG_CXX_LANGUAGE_STANDARD = "gnu++0x";
				CLANG_CXX_LIBRARY = "libc++";
				CLANG_ENABLE_MODULES = YES;
				CLANG_ENABLE_OBJC_ARC = YES;
				CLANG_WARN_BOOL_CONVERSION = YES;
				CLANG_WARN_CONSTANT_CONVERSION = YES;
				CLANG_WARN_DIRECT_OBJC_ISA_USAGE = YES_ERROR;
				CLANG_WARN_EMPTY_BODY = YES;
				CLANG_WARN_ENUM_CONVERSION = YES;
				CLANG_WARN_INT_CONVERSION = YES;
				CLANG_WARN_OBJC_ROOT_CLASS = YES_ERROR;
				CLANG_WARN_UNREACHABLE_CODE = YES;
				CLANG_WARN__DUPLICATE_METHOD_MATCH = YES;
				"CODE_SIGN_IDENTITY[sdk=iphoneos*]" = "iPhone Developer";
				COPY_PHASE_STRIP = NO;
				DEBUG_INFORMATION_FORMAT = "dwarf-with-dsym";
				ENABLE_NS_ASSERTIONS = NO;
				ENABLE_STRICT_OBJC_MSGSEND = YES;
				GCC_C_LANGUAGE_STANDARD = gnu99;
				GCC_NO_COMMON_BLOCKS = YES;
				GCC_WARN_64_TO_32_BIT_CONVERSION = YES;
				GCC_WARN_ABOUT_RETURN_TYPE = YES_ERROR;
				GCC_WARN_UNDECLARED_SELECTOR = YES;
				GCC_WARN_UNINITIALIZED_AUTOS = YES_AGGRESSIVE;
				GCC_WARN_UNUSED_FUNCTION = YES;
				GCC_WARN_UNUSED_VARIABLE = YES;
				IPHONEOS_DEPLOYMENT_TARGET = 8.4;
				MTL_ENABLE_DEBUG_INFO = NO;
				SDKROOT = iphoneos;
				VALIDATE_PRODUCT = YES;
			};
			name = Release;
		};
		297ACDEC1B5CDCDB00D13EB7 /* Debug */ = {
			isa = XCBuildConfiguration;
			buildSettings = {
				ASSETCATALOG_COMPILER_APPICON_NAME = AppIcon;
				INFOPLIST_FILE = TestCoreData/Info.plist;
				LD_RUNPATH_SEARCH_PATHS = "$(inherited) @executable_path/Frameworks";
				PRODUCT_NAME = "$(TARGET_NAME)";
			};
			name = Debug;
		};
		297ACDED1B5CDCDB00D13EB7 /* Release */ = {
			isa = XCBuildConfiguration;
			buildSettings = {
				ASSETCATALOG_COMPILER_APPICON_NAME = AppIcon;
				INFOPLIST_FILE = TestCoreData/Info.plist;
				LD_RUNPATH_SEARCH_PATHS = "$(inherited) @executable_path/Frameworks";
				PRODUCT_NAME = "$(TARGET_NAME)";
			};
			name = Release;
		};
		297ACDEF1B5CDCDB00D13EB7 /* Debug */ = {
			isa = XCBuildConfiguration;
			buildSettings = {
				BUNDLE_LOADER = "$(TEST_HOST)";
				FRAMEWORK_SEARCH_PATHS = (
					"$(SDKROOT)/Developer/Library/Frameworks",
					"$(inherited)",
				);
				GCC_PREPROCESSOR_DEFINITIONS = (
					"DEBUG=1",
					"$(inherited)",
				);
				INFOPLIST_FILE = TestCoreDataTests/Info.plist;
				LD_RUNPATH_SEARCH_PATHS = "$(inherited) @executable_path/Frameworks @loader_path/Frameworks";
				PRODUCT_NAME = "$(TARGET_NAME)";
				TEST_HOST = "$(BUILT_PRODUCTS_DIR)/TestCoreData.app/TestCoreData";
			};
			name = Debug;
		};
		297ACDF01B5CDCDB00D13EB7 /* Release */ = {
			isa = XCBuildConfiguration;
			buildSettings = {
				BUNDLE_LOADER = "$(TEST_HOST)";
				FRAMEWORK_SEARCH_PATHS = (
					"$(SDKROOT)/Developer/Library/Frameworks",
					"$(inherited)",
				);
				INFOPLIST_FILE = TestCoreDataTests/Info.plist;
				LD_RUNPATH_SEARCH_PATHS = "$(inherited) @executable_path/Frameworks @loader_path/Frameworks";
				PRODUCT_NAME = "$(TARGET_NAME)";
				TEST_HOST = "$(BUILT_PRODUCTS_DIR)/TestCoreData.app/TestCoreData";
			};
			name = Release;
		};
/* End XCBuildConfiguration section */

/* Begin XCConfigurationList section */
		297ACDC31B5CDCDA00D13EB7 /* Build configuration list for PBXProject "TestCoreData" */ = {
			isa = XCConfigurationList;
			buildConfigurations = (
				297ACDE91B5CDCDB00D13EB7 /* Debug */,
				297ACDEA1B5CDCDB00D13EB7 /* Release */,
			);
			defaultConfigurationIsVisible = 0;
			defaultConfigurationName = Release;
		};
		297ACDEB1B5CDCDB00D13EB7 /* Build configuration list for PBXNativeTarget "TestCoreData" */ = {
			isa = XCConfigurationList;
			buildConfigurations = (
				297ACDEC1B5CDCDB00D13EB7 /* Debug */,
				297ACDED1B5CDCDB00D13EB7 /* Release */,
			);
			defaultConfigurationIsVisible = 0;
		};
		297ACDEE1B5CDCDB00D13EB7 /* Build configuration list for PBXNativeTarget "TestCoreDataTests" */ = {
			isa = XCConfigurationList;
			buildConfigurations = (
				297ACDEF1B5CDCDB00D13EB7 /* Debug */,
				297ACDF01B5CDCDB00D13EB7 /* Release */,
			);
			defaultConfigurationIsVisible = 0;
		};
/* End XCConfigurationList section */

/* Begin XCVersionGroup section */
		297ACDF11B5CDCFB00D13EB7 /* TestCore.xcdatamodeld */ = {
			isa = XCVersionGroup;
			children = (
				297ACDF21B5CDCFB00D13EB7 /* TestCore.xcdatamodel */,
			);
			currentVersion = 297ACDF21B5CDCFB00D13EB7 /* TestCore.xcdatamodel */;
			path = TestCore.xcdatamodeld;
			sourceTree = "<group>";
			versionGroupType = wrapper.xcdatamodel;
		};
/* End XCVersionGroup section */
	};
	rootObject = 297ACDC01B5CDCDA00D13EB7 /* Project object */;
}
